
Microsoft Visual Studio Solution File, Format Version 12.00
# Visual Studio 15
VisualStudioVersion = 15.0.26730.16
MinimumVisualStudioVersion = 10.0.40219.1
Project("{FAE04EC0-301F-11D3-BF4B-00C04F79EFBC}") = "Redes Neurais", "Redes Neurais\Redes Neurais.csproj", "{D308B80A-02F0-4A80-9A26-F59A88EEEFCD}"
EndProject
Global
	GlobalSection(SolutionConfigurationPlatforms) = preSolution
		Debug|Any CPU = Debug|Any CPU
		Release|Any CPU = Release|Any CPU
	EndGlobalSection
	GlobalSection(ProjectConfigurationPlatforms) = postSolution
		{D308B80A-02F0-4A80-9A26-F59A88EEEFCD}.Debug|Any CPU.ActiveCfg = Debug|Any CPU
		{D308B80A-02F0-4A80-9A26-F59A88EEEFCD}.Debug|Any CPU.Build.0 = Debug|Any CPU
		{D308B80A-02F0-4A80-9A26-F59A88EEEFCD}.Release|Any CPU.ActiveCfg = Release|Any CPU
		{D308B80A-02F0-4A80-9A26-F59A88EEEFCD}.Release|Any CPU.Build.0 = Release|Any CPU
	EndGlobalSection
	GlobalSection(SolutionProperties) = preSolution
		HideSolutionNode = FALSE
	EndGlobalSection
	GlobalSection(ExtensibilityGlobals) = postSolution
		SolutionGuid = {65D66ADA-3BE0-4168-B669-03EE1F29023A}
	EndGlobalSection
EndGlobal
